
Microsoft Visual Studio Solution File, Format Version 12.00
# Visual Studio Version 16
VisualStudioVersion = 16.0.30128.74
MinimumVisualStudioVersion = 10.0.40219.1
Project("{8BC9CEB8-8B4A-11D0-8D11-00A0C91BC942}") = "Practice04_01", "Practice04_01\Practice04_01.vcxproj", "{06241666-6159-4BAB-818A-77D2F0A94EEE}"
EndProject
Project("{8BC9CEB8-8B4A-11D0-8D11-00A0C91BC942}") = "practice04_02_Initializer", "practice04_02_Initializer\practice04_02_Initializer.vcxproj", "{7F5AB39F-D3FF-459A-8454-568C8CE6DD2B}"
EndProject
Project("{8BC9CEB8-8B4A-11D0-8D11-00A0C91BC942}") = "Practice04_03_DefaultArgument", "Practice04_03_DefaultArgument\Practice04_03_DefaultArgument.vcxproj", "{4D67B767-7F9F-4F93-BE4E-CB49A4197990}"
EndProject
Project("{8BC9CEB8-8B4A-11D0-8D11-00A0C91BC942}") = "Practice04_04_PostConst", "Practice04_04_PostConst\Practice04_04_PostConst.vcxproj", "{F693B01D-D701-4065-A92A-784CBF6D10D5}"
EndProject
Global
	GlobalSection(SolutionConfigurationPlatforms) = preSolution
		Debug|x64 = Debug|x64
		Debug|x86 = Debug|x86
		Release|x64 = Release|x64
		Release|x86 = Release|x86
	EndGlobalSection
	GlobalSection(ProjectConfigurationPlatforms) = postSolution
		{06241666-6159-4BAB-818A-77D2F0A94EEE}.Debug|x64.ActiveCfg = Debug|x64
		{06241666-6159-4BAB-818A-77D2F0A94EEE}.Debug|x64.Build.0 = Debug|x64
		{06241666-6159-4BAB-818A-77D2F0A94EEE}.Debug|x86.ActiveCfg = Debug|Win32
		{06241666-6159-4BAB-818A-77D2F0A94EEE}.Debug|x86.Build.0 = Debug|Win32
		{06241666-6159-4BAB-818A-77D2F0A94EEE}.Release|x64.ActiveCfg = Release|x64
		{06241666-6159-4BAB-818A-77D2F0A94EEE}.Release|x64.Build.0 = Release|x64
		{06241666-6159-4BAB-818A-77D2F0A94EEE}.Release|x86.ActiveCfg = Release|Win32
		{06241666-6159-4BAB-818A-77D2F0A94EEE}.Release|x86.Build.0 = Release|Win32
		{7F5AB39F-D3FF-459A-8454-568C8CE6DD2B}.Debug|x64.ActiveCfg = Debug|x64
		{7F5AB39F-D3FF-459A-8454-568C8CE6DD2B}.Debug|x64.Build.0 = Debug|x64
		{7F5AB39F-D3FF-459A-8454-568C8CE6DD2B}.Debug|x86.ActiveCfg = Debug|Win32
		{7F5AB39F-D3FF-459A-8454-568C8CE6DD2B}.Debug|x86.Build.0 = Debug|Win32
		{7F5AB39F-D3FF-459A-8454-568C8CE6DD2B}.Release|x64.ActiveCfg = Release|x64
		{7F5AB39F-D3FF-459A-8454-568C8CE6DD2B}.Release|x64.Build.0 = Release|x64
		{7F5AB39F-D3FF-459A-8454-568C8CE6DD2B}.Release|x86.ActiveCfg = Release|Win32
		{7F5AB39F-D3FF-459A-8454-568C8CE6DD2B}.Release|x86.Build.0 = Release|Win32
		{4D67B767-7F9F-4F93-BE4E-CB49A4197990}.Debug|x64.ActiveCfg = Debug|x64
		{4D67B767-7F9F-4F93-BE4E-CB49A4197990}.Debug|x64.Build.0 = Debug|x64
		{4D67B767-7F9F-4F93-BE4E-CB49A4197990}.Debug|x86.ActiveCfg = Debug|Win32
		{4D67B767-7F9F-4F93-BE4E-CB49A4197990}.Debug|x86.Build.0 = Debug|Win32
		{4D67B767-7F9F-4F93-BE4E-CB49A4197990}.Release|x64.ActiveCfg = Release|x64
		{4D67B767-7F9F-4F93-BE4E-CB49A4197990}.Release|x64.Build.0 = Release|x64
		{4D67B767-7F9F-4F93-BE4E-CB49A4197990}.Release|x86.ActiveCfg = Release|Win32
		{4D67B767-7F9F-4F93-BE4E-CB49A4197990}.Release|x86.Build.0 = Release|Win32
		{F693B01D-D701-4065-A92A-784CBF6D10D5}.Debug|x64.ActiveCfg = Debug|x64
		{F693B01D-D701-4065-A92A-784CBF6D10D5}.Debug|x64.Build.0 = Debug|x64
		{F693B01D-D701-4065-A92A-784CBF6D10D5}.Debug|x86.ActiveCfg = Debug|Win32
		{F693B01D-D701-4065-A92A-784CBF6D10D5}.Debug|x86.Build.0 = Debug|Win32
		{F693B01D-D701-4065-A92A-784CBF6D10D5}.Release|x64.ActiveCfg = Release|x64
		{F693B01D-D701-4065-A92A-784CBF6D10D5}.Release|x64.Build.0 = Release|x64
		{F693B01D-D701-4065-A92A-784CBF6D10D5}.Release|x86.ActiveCfg = Release|Win32
		{F693B01D-D701-4065-A92A-784CBF6D10D5}.Release|x86.Build.0 = Release|Win32
	EndGlobalSection
	GlobalSection(SolutionProperties) = preSolution
		HideSolutionNode = FALSE
	EndGlobalSection
	GlobalSection(ExtensibilityGlobals) = postSolution
		SolutionGuid = {57ED36BD-A4C2-47E2-A27E-0403A4976528}
	EndGlobalSection
EndGlobal
